
Microsoft Visual Studio Solution File, Format Version 12.00
Project("{FAE04EC0-301F-11D3-BF4B-00C04F79EFBC}") = "Deliverable1", "Deliverable1\Deliverable1.csproj", "{ADE3B930-4E70-4CD5-9802-6740D4796E1F}"
EndProject
Global
	GlobalSection(SolutionConfigurationPlatforms) = preSolution
		Debug|Any CPU = Debug|Any CPU
		Release|Any CPU = Release|Any CPU
	EndGlobalSection
	GlobalSection(ProjectConfigurationPlatforms) = postSolution
		{ADE3B930-4E70-4CD5-9802-6740D4796E1F}.Debug|Any CPU.ActiveCfg = Debug|Any CPU
		{ADE3B930-4E70-4CD5-9802-6740D4796E1F}.Debug|Any CPU.Build.0 = Debug|Any CPU
		{ADE3B930-4E70-4CD5-9802-6740D4796E1F}.Release|Any CPU.ActiveCfg = Release|Any CPU
		{ADE3B930-4E70-4CD5-9802-6740D4796E1F}.Release|Any CPU.Build.0 = Release|Any CPU
	EndGlobalSection
EndGlobal
